// !$*UTF8*$!
{
	archiveVersion = 1;
	classes = {
	};
	objectVersion = 46;
	objects = {

/* Begin PBXBuildFile section */
		B8DD432F5CB326F8A6CAC4FD /* libPods-XLChartClient.a in Frameworks */ = {isa = PBXBuildFile; fileRef = 0432ABBA7D86347AC172C5C3 /* libPods-XLChartClient.a */; };
		C31BFAB51ED0152B0077A793 /* main.m in Sources */ = {isa = PBXBuildFile; fileRef = C31BFAB41ED0152B0077A793 /* main.m */; };
		C31BFAB81ED0152C0077A793 /* AppDelegate.m in Sources */ = {isa = PBXBuildFile; fileRef = C31BFAB71ED0152C0077A793 /* AppDelegate.m */; };
		C31BFABB1ED0152C0077A793 /* ViewController.m in Sources */ = {isa = PBXBuildFile; fileRef = C31BFABA1ED0152C0077A793 /* ViewController.m */; };
		C31BFABE1ED0152C0077A793 /* Main.storyboard in Resources */ = {isa = PBXBuildFile; fileRef = C31BFABC1ED0152C0077A793 /* Main.storyboard */; };
		C31BFAC01ED0152C0077A793 /* Assets.xcassets in Resources */ = {isa = PBXBuildFile; fileRef = C31BFABF1ED0152C0077A793 /* Assets.xcassets */; };
		C31BFAC31ED0152C0077A793 /* LaunchScreen.storyboard in Resources */ = {isa = PBXBuildFile; fileRef = C31BFAC11ED0152C0077A793 /* LaunchScreen.storyboard */; };
		C31BFACE1ED0152C0077A793 /* XLChartClientTests.m in Sources */ = {isa = PBXBuildFile; fileRef = C31BFACD1ED0152C0077A793 /* XLChartClientTests.m */; };
		C31BFAD91ED0152C0077A793 /* XLChartClientUITests.m in Sources */ = {isa = PBXBuildFile; fileRef = C31BFAD81ED0152C0077A793 /* XLChartClientUITests.m */; };
		C31BFBA91ED028C50077A793 /* MainFoldingCell.xib in Resources */ = {isa = PBXBuildFile; fileRef = C31BFBA71ED028C50077A793 /* MainFoldingCell.xib */; };
		C354D25A1F0F2FE1000AA733 /* MainFoldingCell.m in Sources */ = {isa = PBXBuildFile; fileRef = C354D2591F0F2FE1000AA733 /* MainFoldingCell.m */; };
		C354D25B1F0F2FE1000AA733 /* MainFoldingCell.m in Sources */ = {isa = PBXBuildFile; fileRef = C354D2591F0F2FE1000AA733 /* MainFoldingCell.m */; };
		C354D25C1F0F2FE1000AA733 /* MainFoldingCell.m in Sources */ = {isa = PBXBuildFile; fileRef = C354D2591F0F2FE1000AA733 /* MainFoldingCell.m */; };
		C380571C1F107C6A009BC4BC /* XLAxisM.m in Sources */ = {isa = PBXBuildFile; fileRef = C38056AE1F107C6A009BC4BC /* XLAxisM.m */; };
		C380571D1F107C6A009BC4BC /* XLAxisChart.m in Sources */ = {isa = PBXBuildFile; fileRef = C38056B11F107C6A009BC4BC /* XLAxisChart.m */; };
		C380571E1F107C6A009BC4BC /* XLBarLineChartM.m in Sources */ = {isa = PBXBuildFile; fileRef = C38056B51F107C6A009BC4BC /* XLBarLineChartM.m */; };
		C380571F1F107C6A009BC4BC /* XLBarLineChart.m in Sources */ = {isa = PBXBuildFile; fileRef = C38056B81F107C6A009BC4BC /* XLBarLineChart.m */; };
		C38057201F107C6A009BC4BC /* XLBarLineChartCell.m in Sources */ = {isa = PBXBuildFile; fileRef = C38056BA1F107C6A009BC4BC /* XLBarLineChartCell.m */; };
		C38057211F107C6A009BC4BC /* XLBarLineChartDetail.m in Sources */ = {isa = PBXBuildFile; fileRef = C38056BC1F107C6A009BC4BC /* XLBarLineChartDetail.m */; };
		C38057221F107C6A009BC4BC /* XLBaseM.m in Sources */ = {isa = PBXBuildFile; fileRef = C38056C01F107C6A009BC4BC /* XLBaseM.m */; };
		C38057231F107C6A009BC4BC /* XLBaseChart.m in Sources */ = {isa = PBXBuildFile; fileRef = C38056C31F107C6A009BC4BC /* XLBaseChart.m */; };
		C38057241F107C6A009BC4BC /* XLPieChartM.m in Sources */ = {isa = PBXBuildFile; fileRef = C38056C91F107C6A009BC4BC /* XLPieChartM.m */; };
		C38057251F107C6A009BC4BC /* XLPieChart.m in Sources */ = {isa = PBXBuildFile; fileRef = C38056CC1F107C6A009BC4BC /* XLPieChart.m */; };
		C38057261F107C6A009BC4BC /* XLPieContentChart.m in Sources */ = {isa = PBXBuildFile; fileRef = C38056CE1F107C6A009BC4BC /* XLPieContentChart.m */; };
		C38057271F107C6A009BC4BC /* XLPopupChartM.m in Sources */ = {isa = PBXBuildFile; fileRef = C38056D21F107C6A009BC4BC /* XLPopupChartM.m */; };
		C38057281F107C6A009BC4BC /* XLPopupChart.m in Sources */ = {isa = PBXBuildFile; fileRef = C38056D51F107C6A009BC4BC /* XLPopupChart.m */; };
		C38057291F107C6A009BC4BC /* XLQuadrantButton.m in Sources */ = {isa = PBXBuildFile; fileRef = C38056D91F107C6A009BC4BC /* XLQuadrantButton.m */; };
		C380572A1F107C6A009BC4BC /* XLQuadrantChart.m in Sources */ = {isa = PBXBuildFile; fileRef = C38056DB1F107C6A009BC4BC /* XLQuadrantChart.m */; };
		C380572B1F107C6A009BC4BC /* XLQuadrantM.m in Sources */ = {isa = PBXBuildFile; fileRef = C38056DD1F107C6A009BC4BC /* XLQuadrantM.m */; };
		C380572C1F107C6A009BC4BC /* XLQuadrantRectangleM.m in Sources */ = {isa = PBXBuildFile; fileRef = C38056DF1F107C6A009BC4BC /* XLQuadrantRectangleM.m */; };
		C380572D1F107C6A009BC4BC /* XLQuadrantArrowLabel.m in Sources */ = {isa = PBXBuildFile; fileRef = C38056E21F107C6A009BC4BC /* XLQuadrantArrowLabel.m */; };
		C380572E1F107C6A009BC4BC /* XLQuadrantChartDetail.m in Sources */ = {isa = PBXBuildFile; fileRef = C38056E41F107C6A009BC4BC /* XLQuadrantChartDetail.m */; };
		C380572F1F107C6A009BC4BC /* XLQuadrantTableViewCell.m in Sources */ = {isa = PBXBuildFile; fileRef = C38056E61F107C6A009BC4BC /* XLQuadrantTableViewCell.m */; };
		C38057301F107C6A009BC4BC /* XLQuadrantTableViewCell.xib in Resources */ = {isa = PBXBuildFile; fileRef = C38056E71F107C6A009BC4BC /* XLQuadrantTableViewCell.xib */; };
		C38057311F107C6A009BC4BC /* XLRadarM.m in Sources */ = {isa = PBXBuildFile; fileRef = C38056EB1F107C6A009BC4BC /* XLRadarM.m */; };
		C38057321F107C6A009BC4BC /* XLRadarChart.m in Sources */ = {isa = PBXBuildFile; fileRef = C38056EE1F107C6A009BC4BC /* XLRadarChart.m */; };
		C38057331F107C6A009BC4BC /* XLSegmentCellM.m in Sources */ = {isa = PBXBuildFile; fileRef = C38056F21F107C6A009BC4BC /* XLSegmentCellM.m */; };
		C38057341F107C6A009BC4BC /* XLSegmentCell.m in Sources */ = {isa = PBXBuildFile; fileRef = C38056F51F107C6A009BC4BC /* XLSegmentCell.m */; };
		C38057351F107C6A009BC4BC /* XLSegmentChart.m in Sources */ = {isa = PBXBuildFile; fileRef = C38056F71F107C6A009BC4BC /* XLSegmentChart.m */; };
		C38057361F107C6A009BC4BC /* XLTableCellM.m in Sources */ = {isa = PBXBuildFile; fileRef = C38056FB1F107C6A009BC4BC /* XLTableCellM.m */; };
		C38057371F107C6A009BC4BC /* XLTableChart.m in Sources */ = {isa = PBXBuildFile; fileRef = C38056FE1F107C6A009BC4BC /* XLTableChart.m */; };
		C38057381F107C6A009BC4BC /* XLTableChartCell.m in Sources */ = {isa = PBXBuildFile; fileRef = C38057001F107C6A009BC4BC /* XLTableChartCell.m */; };
		C38057391F107C6A009BC4BC /* XLTableChartDetail.m in Sources */ = {isa = PBXBuildFile; fileRef = C38057021F107C6A009BC4BC /* XLTableChartDetail.m */; };
		C380573A1F107C6A009BC4BC /* XLTableChartFooter.m in Sources */ = {isa = PBXBuildFile; fileRef = C38057041F107C6A009BC4BC /* XLTableChartFooter.m */; };
		C380573B1F107C6A009BC4BC /* XLTableChartHeader.m in Sources */ = {isa = PBXBuildFile; fileRef = C38057061F107C6A009BC4BC /* XLTableChartHeader.m */; };
		C380573C1F107C6A009BC4BC /* XLTimeLineM.m in Sources */ = {isa = PBXBuildFile; fileRef = C380570A1F107C6A009BC4BC /* XLTimeLineM.m */; };
		C380573D1F107C6A009BC4BC /* XLTimeLineChart.m in Sources */ = {isa = PBXBuildFile; fileRef = C380570D1F107C6A009BC4BC /* XLTimeLineChart.m */; };
		C380573E1F107C6A009BC4BC /* XLTimeLineChartCell.m in Sources */ = {isa = PBXBuildFile; fileRef = C380570F1F107C6A009BC4BC /* XLTimeLineChartCell.m */; };
		C380573F1F107C6A009BC4BC /* XLTimeLineDetailChart.m in Sources */ = {isa = PBXBuildFile; fileRef = C38057111F107C6A009BC4BC /* XLTimeLineDetailChart.m */; };
		C38057401F107C6A009BC4BC /* XLTimeLineChartVC.m in Sources */ = {isa = PBXBuildFile; fileRef = C38057141F107C6A009BC4BC /* XLTimeLineChartVC.m */; };
		C38057411F107C6A009BC4BC /* XLTitleRectangleM.m in Sources */ = {isa = PBXBuildFile; fileRef = C38057181F107C6A009BC4BC /* XLTitleRectangleM.m */; };
		C38057421F107C6A009BC4BC /* XLTitleRectangleChart.m in Sources */ = {isa = PBXBuildFile; fileRef = C380571B1F107C6A009BC4BC /* XLTitleRectangleChart.m */; };
		C380578C1F108BE5009BC4BC /* CRoutines.m in Sources */ = {isa = PBXBuildFile; fileRef = C38057891F108BE5009BC4BC /* CRoutines.m */; };
		C380578D1F108BE5009BC4BC /* XLGraphicEngine.m in Sources */ = {isa = PBXBuildFile; fileRef = C380578B1F108BE5009BC4BC /* XLGraphicEngine.m */; };
		C38057931F108C78009BC4BC /* UIColor+XLUIColor.m in Sources */ = {isa = PBXBuildFile; fileRef = C38057901F108C78009BC4BC /* UIColor+XLUIColor.m */; };
		C38057941F108C78009BC4BC /* UIView+ICoo.m in Sources */ = {isa = PBXBuildFile; fileRef = C38057921F108C78009BC4BC /* UIView+ICoo.m */; };
/* End PBXBuildFile section */

/* Begin PBXContainerItemProxy section */
		C31BFACA1ED0152C0077A793 /* PBXContainerItemProxy */ = {
			isa = PBXContainerItemProxy;
			containerPortal = C31BFAA81ED0152B0077A793 /* Project object */;
			proxyType = 1;
			remoteGlobalIDString = C31BFAAF1ED0152B0077A793;
			remoteInfo = XLChartClient;
		};
		C31BFAD51ED0152C0077A793 /* PBXContainerItemProxy */ = {
			isa = PBXContainerItemProxy;
			containerPortal = C31BFAA81ED0152B0077A793 /* Project object */;
			proxyType = 1;
			remoteGlobalIDString = C31BFAAF1ED0152B0077A793;
			remoteInfo = XLChartClient;
		};
/* End PBXContainerItemProxy section */

/* Begin PBXFileReference section */
		0432ABBA7D86347AC172C5C3 /* libPods-XLChartClient.a */ = {isa = PBXFileReference; explicitFileType = archive.ar; includeInIndex = 0; path = "libPods-XLChartClient.a"; sourceTree = BUILT_PRODUCTS_DIR; };
		48E90AF0C3C5A8922B987BAA /* Pods-XLChartClient.release.xcconfig */ = {isa = PBXFileReference; includeInIndex = 1; lastKnownFileType = text.xcconfig; name = "Pods-XLChartClient.release.xcconfig"; path = "Pods/Target Support Files/Pods-XLChartClient/Pods-XLChartClient.release.xcconfig"; sourceTree = "<group>"; };
		B046D371E2C24E558B362CBA /* Pods-XLChartClient.debug.xcconfig */ = {isa = PBXFileReference; includeInIndex = 1; lastKnownFileType = text.xcconfig; name = "Pods-XLChartClient.debug.xcconfig"; path = "Pods/Target Support Files/Pods-XLChartClient/Pods-XLChartClient.debug.xcconfig"; sourceTree = "<group>"; };
		C31BFAB01ED0152B0077A793 /* XLChartClient.app */ = {isa = PBXFileReference; explicitFileType = wrapper.application; includeInIndex = 0; path = XLChartClient.app; sourceTree = BUILT_PRODUCTS_DIR; };
		C31BFAB41ED0152B0077A793 /* main.m */ = {isa = PBXFileReference; lastKnownFileType = sourcecode.c.objc; path = main.m; sourceTree = "<group>"; };
		C31BFAB61ED0152B0077A793 /* AppDelegate.h */ = {isa = PBXFileReference; lastKnownFileType = sourcecode.c.h; path = AppDelegate.h; sourceTree = "<group>"; };
		C31BFAB71ED0152C0077A793 /* AppDelegate.m */ = {isa = PBXFileReference; lastKnownFileType = sourcecode.c.objc; path = AppDelegate.m; sourceTree = "<group>"; };
		C31BFAB91ED0152C0077A793 /* ViewController.h */ = {isa = PBXFileReference; lastKnownFileType = sourcecode.c.h; path = ViewController.h; sourceTree = "<group>"; };
		C31BFABA1ED0152C0077A793 /* ViewController.m */ = {isa = PBXFileReference; lastKnownFileType = sourcecode.c.objc; path = ViewController.m; sourceTree = "<group>"; };
		C31BFABD1ED0152C0077A793 /* Base */ = {isa = PBXFileReference; lastKnownFileType = file.storyboard; name = Base; path = Base.lproj/Main.storyboard; sourceTree = "<group>"; };
		C31BFABF1ED0152C0077A793 /* Assets.xcassets */ = {isa = PBXFileReference; lastKnownFileType = folder.assetcatalog; path = Assets.xcassets; sourceTree = "<group>"; };
		C31BFAC21ED0152C0077A793 /* Base */ = {isa = PBXFileReference; lastKnownFileType = file.storyboard; name = Base; path = Base.lproj/LaunchScreen.storyboard; sourceTree = "<group>"; };
		C31BFAC41ED0152C0077A793 /* Info.plist */ = {isa = PBXFileReference; lastKnownFileType = text.plist.xml; path = Info.plist; sourceTree = "<group>"; };
		C31BFAC91ED0152C0077A793 /* XLChartClientTests.xctest */ = {isa = PBXFileReference; explicitFileType = wrapper.cfbundle; includeInIndex = 0; path = XLChartClientTests.xctest; sourceTree = BUILT_PRODUCTS_DIR; };
		C31BFACD1ED0152C0077A793 /* XLChartClientTests.m */ = {isa = PBXFileReference; lastKnownFileType = sourcecode.c.objc; path = XLChartClientTests.m; sourceTree = "<group>"; };
		C31BFACF1ED0152C0077A793 /* Info.plist */ = {isa = PBXFileReference; lastKnownFileType = text.plist.xml; path = Info.plist; sourceTree = "<group>"; };
		C31BFAD41ED0152C0077A793 /* XLChartClientUITests.xctest */ = {isa = PBXFileReference; explicitFileType = wrapper.cfbundle; includeInIndex = 0; path = XLChartClientUITests.xctest; sourceTree = BUILT_PRODUCTS_DIR; };
		C31BFAD81ED0152C0077A793 /* XLChartClientUITests.m */ = {isa = PBXFileReference; lastKnownFileType = sourcecode.c.objc; path = XLChartClientUITests.m; sourceTree = "<group>"; };
		C31BFADA1ED0152C0077A793 /* Info.plist */ = {isa = PBXFileReference; lastKnownFileType = text.plist.xml; path = Info.plist; sourceTree = "<group>"; };
		C31BFAE61ED015B60077A793 /* XLChartClient-Bridging-Header.h */ = {isa = PBXFileReference; lastKnownFileType = sourcecode.c.h; path = "XLChartClient-Bridging-Header.h"; sourceTree = "<group>"; };
		C31BFBA71ED028C50077A793 /* MainFoldingCell.xib */ = {isa = PBXFileReference; fileEncoding = 4; lastKnownFileType = file.xib; path = MainFoldingCell.xib; sourceTree = "<group>"; };
		C354D2581F0F2FE1000AA733 /* MainFoldingCell.h */ = {isa = PBXFileReference; fileEncoding = 4; lastKnownFileType = sourcecode.c.h; path = MainFoldingCell.h; sourceTree = "<group>"; };
		C354D2591F0F2FE1000AA733 /* MainFoldingCell.m */ = {isa = PBXFileReference; fileEncoding = 4; lastKnownFileType = sourcecode.c.objc; path = MainFoldingCell.m; sourceTree = "<group>"; };
		C38056AD1F107C6A009BC4BC /* XLAxisM.h */ = {isa = PBXFileReference; fileEncoding = 4; lastKnownFileType = sourcecode.c.h; path = XLAxisM.h; sourceTree = "<group>"; };
		C38056AE1F107C6A009BC4BC /* XLAxisM.m */ = {isa = PBXFileReference; fileEncoding = 4; lastKnownFileType = sourcecode.c.objc; path = XLAxisM.m; sourceTree = "<group>"; };
		C38056B01F107C6A009BC4BC /* XLAxisChart.h */ = {isa = PBXFileReference; fileEncoding = 4; lastKnownFileType = sourcecode.c.h; path = XLAxisChart.h; sourceTree = "<group>"; };
		C38056B11F107C6A009BC4BC /* XLAxisChart.m */ = {isa = PBXFileReference; fileEncoding = 4; lastKnownFileType = sourcecode.c.objc; path = XLAxisChart.m; sourceTree = "<group>"; };
		C38056B41F107C6A009BC4BC /* XLBarLineChartM.h */ = {isa = PBXFileReference; fileEncoding = 4; lastKnownFileType = sourcecode.c.h; path = XLBarLineChartM.h; sourceTree = "<group>"; };
		C38056B51F107C6A009BC4BC /* XLBarLineChartM.m */ = {isa = PBXFileReference; fileEncoding = 4; lastKnownFileType = sourcecode.c.objc; path = XLBarLineChartM.m; sourceTree = "<group>"; };
		C38056B71F107C6A009BC4BC /* XLBarLineChart.h */ = {isa = PBXFileReference; fileEncoding = 4; lastKnownFileType = sourcecode.c.h; path = XLBarLineChart.h; sourceTree = "<group>"; };
		C38056B81F107C6A009BC4BC /* XLBarLineChart.m */ = {isa = PBXFileReference; fileEncoding = 4; lastKnownFileType = sourcecode.c.objc; path = XLBarLineChart.m; sourceTree = "<group>"; };
		C38056B91F107C6A009BC4BC /* XLBarLineChartCell.h */ = {isa = PBXFileReference; fileEncoding = 4; lastKnownFileType = sourcecode.c.h; path = XLBarLineChartCell.h; sourceTree = "<group>"; };
		C38056BA1F107C6A009BC4BC /* XLBarLineChartCell.m */ = {isa = PBXFileReference; fileEncoding = 4; lastKnownFileType = sourcecode.c.objc; path = XLBarLineChartCell.m; sourceTree = "<group>"; };
		C38056BB1F107C6A009BC4BC /* XLBarLineChartDetail.h */ = {isa = PBXFileReference; fileEncoding = 4; lastKnownFileType = sourcecode.c.h; path = XLBarLineChartDetail.h; sourceTree = "<group>"; };
		C38056BC1F107C6A009BC4BC /* XLBarLineChartDetail.m */ = {isa = PBXFileReference; fileEncoding = 4; lastKnownFileType = sourcecode.c.objc; path = XLBarLineChartDetail.m; sourceTree = "<group>"; };
		C38056BF1F107C6A009BC4BC /* XLBaseM.h */ = {isa = PBXFileReference; fileEncoding = 4; lastKnownFileType = sourcecode.c.h; path = XLBaseM.h; sourceTree = "<group>"; };
		C38056C01F107C6A009BC4BC /* XLBaseM.m */ = {isa = PBXFileReference; fileEncoding = 4; lastKnownFileType = sourcecode.c.objc; path = XLBaseM.m; sourceTree = "<group>"; };
		C38056C21F107C6A009BC4BC /* XLBaseChart.h */ = {isa = PBXFileReference; fileEncoding = 4; lastKnownFileType = sourcecode.c.h; path = XLBaseChart.h; sourceTree = "<group>"; };
		C38056C31F107C6A009BC4BC /* XLBaseChart.m */ = {isa = PBXFileReference; fileEncoding = 4; lastKnownFileType = sourcecode.c.objc; path = XLBaseChart.m; sourceTree = "<group>"; };
		C38056C81F107C6A009BC4BC /* XLPieChartM.h */ = {isa = PBXFileReference; fileEncoding = 4; lastKnownFileType = sourcecode.c.h; path = XLPieChartM.h; sourceTree = "<group>"; };
		C38056C91F107C6A009BC4BC /* XLPieChartM.m */ = {isa = PBXFileReference; fileEncoding = 4; lastKnownFileType = sourcecode.c.objc; path = XLPieChartM.m; sourceTree = "<group>"; };
		C38056CB1F107C6A009BC4BC /* XLPieChart.h */ = {isa = PBXFileReference; fileEncoding = 4; lastKnownFileType = sourcecode.c.h; path = XLPieChart.h; sourceTree = "<group>"; };
		C38056CC1F107C6A009BC4BC /* XLPieChart.m */ = {isa = PBXFileReference; fileEncoding = 4; lastKnownFileType = sourcecode.c.objc; path = XLPieChart.m; sourceTree = "<group>"; };
		C38056CD1F107C6A009BC4BC /* XLPieContentChart.h */ = {isa = PBXFileReference; fileEncoding = 4; lastKnownFileType = sourcecode.c.h; path = XLPieContentChart.h; sourceTree = "<group>"; };
		C38056CE1F107C6A009BC4BC /* XLPieContentChart.m */ = {isa = PBXFileReference; fileEncoding = 4; lastKnownFileType = sourcecode.c.objc; path = XLPieContentChart.m; sourceTree = "<group>"; };
		C38056D11F107C6A009BC4BC /* XLPopupChartM.h */ = {isa = PBXFileReference; fileEncoding = 4; lastKnownFileType = sourcecode.c.h; path = XLPopupChartM.h; sourceTree = "<group>"; };
		C38056D21F107C6A009BC4BC /* XLPopupChartM.m */ = {isa = PBXFileReference; fileEncoding = 4; lastKnownFileType = sourcecode.c.objc; path = XLPopupChartM.m; sourceTree = "<group>"; };
		C38056D41F107C6A009BC4BC /* XLPopupChart.h */ = {isa = PBXFileReference; fileEncoding = 4; lastKnownFileType = sourcecode.c.h; path = XLPopupChart.h; sourceTree = "<group>"; };
		C38056D51F107C6A009BC4BC /* XLPopupChart.m */ = {isa = PBXFileReference; fileEncoding = 4; lastKnownFileType = sourcecode.c.objc; path = XLPopupChart.m; sourceTree = "<group>"; };
		C38056D81F107C6A009BC4BC /* XLQuadrantButton.h */ = {isa = PBXFileReference; fileEncoding = 4; lastKnownFileType = sourcecode.c.h; path = XLQuadrantButton.h; sourceTree = "<group>"; };
		C38056D91F107C6A009BC4BC /* XLQuadrantButton.m */ = {isa = PBXFileReference; fileEncoding = 4; lastKnownFileType = sourcecode.c.objc; path = XLQuadrantButton.m; sourceTree = "<group>"; };
		C38056DA1F107C6A009BC4BC /* XLQuadrantChart.h */ = {isa = PBXFileReference; fileEncoding = 4; lastKnownFileType = sourcecode.c.h; path = XLQuadrantChart.h; sourceTree = "<group>"; };
		C38056DB1F107C6A009BC4BC /* XLQuadrantChart.m */ = {isa = PBXFileReference; fileEncoding = 4; lastKnownFileType = sourcecode.c.objc; path = XLQuadrantChart.m; sourceTree = "<group>"; };
		C38056DC1F107C6A009BC4BC /* XLQuadrantM.h */ = {isa = PBXFileReference; fileEncoding = 4; lastKnownFileType = sourcecode.c.h; path = XLQuadrantM.h; sourceTree = "<group>"; };
		C38056DD1F107C6A009BC4BC /* XLQuadrantM.m */ = {isa = PBXFileReference; fileEncoding = 4; lastKnownFileType = sourcecode.c.objc; path = XLQuadrantM.m; sourceTree = "<group>"; };
		C38056DE1F107C6A009BC4BC /* XLQuadrantRectangleM.h */ = {isa = PBXFileReference; fileEncoding = 4; lastKnownFileType = sourcecode.c.h; path = XLQuadrantRectangleM.h; sourceTree = "<group>"; };
		C38056DF1F107C6A009BC4BC /* XLQuadrantRectangleM.m */ = {isa = PBXFileReference; fileEncoding = 4; lastKnownFileType = sourcecode.c.objc; path = XLQuadrantRectangleM.m; sourceTree = "<group>"; };
		C38056E11F107C6A009BC4BC /* XLQuadrantArrowLabel.h */ = {isa = PBXFileReference; fileEncoding = 4; lastKnownFileType = sourcecode.c.h; path = XLQuadrantArrowLabel.h; sourceTree = "<group>"; };
		C38056E21F107C6A009BC4BC /* XLQuadrantArrowLabel.m */ = {isa = PBXFileReference; fileEncoding = 4; lastKnownFileType = sourcecode.c.objc; path = XLQuadrantArrowLabel.m; sourceTree = "<group>"; };
		C38056E31F107C6A009BC4BC /* XLQuadrantChartDetail.h */ = {isa = PBXFileReference; fileEncoding = 4; lastKnownFileType = sourcecode.c.h; path = XLQuadrantChartDetail.h; sourceTree = "<group>"; };
		C38056E41F107C6A009BC4BC /* XLQuadrantChartDetail.m */ = {isa = PBXFileReference; fileEncoding = 4; lastKnownFileType = sourcecode.c.objc; path = XLQuadrantChartDetail.m; sourceTree = "<group>"; };
		C38056E51F107C6A009BC4BC /* XLQuadrantTableViewCell.h */ = {isa = PBXFileReference; fileEncoding = 4; lastKnownFileType = sourcecode.c.h; path = XLQuadrantTableViewCell.h; sourceTree = "<group>"; };
		C38056E61F107C6A009BC4BC /* XLQuadrantTableViewCell.m */ = {isa = PBXFileReference; fileEncoding = 4; lastKnownFileType = sourcecode.c.objc; path = XLQuadrantTableViewCell.m; sourceTree = "<group>"; };
		C38056E71F107C6A009BC4BC /* XLQuadrantTableViewCell.xib */ = {isa = PBXFileReference; fileEncoding = 4; lastKnownFileType = file.xib; path = XLQuadrantTableViewCell.xib; sourceTree = "<group>"; };
		C38056EA1F107C6A009BC4BC /* XLRadarM.h */ = {isa = PBXFileReference; fileEncoding = 4; lastKnownFileType = sourcecode.c.h; path = XLRadarM.h; sourceTree = "<group>"; };
		C38056EB1F107C6A009BC4BC /* XLRadarM.m */ = {isa = PBXFileReference; fileEncoding = 4; lastKnownFileType = sourcecode.c.objc; path = XLRadarM.m; sourceTree = "<group>"; };
		C38056ED1F107C6A009BC4BC /* XLRadarChart.h */ = {isa = PBXFileReference; fileEncoding = 4; lastKnownFileType = sourcecode.c.h; path = XLRadarChart.h; sourceTree = "<group>"; };
		C38056EE1F107C6A009BC4BC /* XLRadarChart.m */ = {isa = PBXFileReference; fileEncoding = 4; lastKnownFileType = sourcecode.c.objc; path = XLRadarChart.m; sourceTree = "<group>"; };
		C38056F11F107C6A009BC4BC /* XLSegmentCellM.h */ = {isa = PBXFileReference; fileEncoding = 4; lastKnownFileType = sourcecode.c.h; path = XLSegmentCellM.h; sourceTree = "<group>"; };
		C38056F21F107C6A009BC4BC /* XLSegmentCellM.m */ = {isa = PBXFileReference; fileEncoding = 4; lastKnownFileType = sourcecode.c.objc; path = XLSegmentCellM.m; sourceTree = "<group>"; };
		C38056F41F107C6A009BC4BC /* XLSegmentCell.h */ = {isa = PBXFileReference; fileEncoding = 4; lastKnownFileType = sourcecode.c.h; path = XLSegmentCell.h; sourceTree = "<group>"; };
		C38056F51F107C6A009BC4BC /* XLSegmentCell.m */ = {isa = PBXFileReference; fileEncoding = 4; lastKnownFileType = sourcecode.c.objc; path = XLSegmentCell.m; sourceTree = "<group>"; };
		C38056F61F107C6A009BC4BC /* XLSegmentChart.h */ = {isa = PBXFileReference; fileEncoding = 4; lastKnownFileType = sourcecode.c.h; path = XLSegmentChart.h; sourceTree = "<group>"; };
		C38056F71F107C6A009BC4BC /* XLSegmentChart.m */ = {isa = PBXFileReference; fileEncoding = 4; lastKnownFileType = sourcecode.c.objc; path = XLSegmentChart.m; sourceTree = "<group>"; };
		C38056FA1F107C6A009BC4BC /* XLTableCellM.h */ = {isa = PBXFileReference; fileEncoding = 4; lastKnownFileType = sourcecode.c.h; path = XLTableCellM.h; sourceTree = "<group>"; };
		C38056FB1F107C6A009BC4BC /* XLTableCellM.m */ = {isa = PBXFileReference; fileEncoding = 4; lastKnownFileType = sourcecode.c.objc; path = XLTableCellM.m; sourceTree = "<group>"; };
		C38056FD1F107C6A009BC4BC /* XLTableChart.h */ = {isa = PBXFileReference; fileEncoding = 4; lastKnownFileType = sourcecode.c.h; path = XLTableChart.h; sourceTree = "<group>"; };
		C38056FE1F107C6A009BC4BC /* XLTableChart.m */ = {isa = PBXFileReference; fileEncoding = 4; lastKnownFileType = sourcecode.c.objc; path = XLTableChart.m; sourceTree = "<group>"; };
		C38056FF1F107C6A009BC4BC /* XLTableChartCell.h */ = {isa = PBXFileReference; fileEncoding = 4; lastKnownFileType = sourcecode.c.h; path = XLTableChartCell.h; sourceTree = "<group>"; };
		C38057001F107C6A009BC4BC /* XLTableChartCell.m */ = {isa = PBXFileReference; fileEncoding = 4; lastKnownFileType = sourcecode.c.objc; path = XLTableChartCell.m; sourceTree = "<group>"; };
		C38057011F107C6A009BC4BC /* XLTableChartDetail.h */ = {isa = PBXFileReference; fileEncoding = 4; lastKnownFileType = sourcecode.c.h; path = XLTableChartDetail.h; sourceTree = "<group>"; };
		C38057021F107C6A009BC4BC /* XLTableChartDetail.m */ = {isa = PBXFileReference; fileEncoding = 4; lastKnownFileType = sourcecode.c.objc; path = XLTableChartDetail.m; sourceTree = "<group>"; };
		C38057031F107C6A009BC4BC /* XLTableChartFooter.h */ = {isa = PBXFileReference; fileEncoding = 4; lastKnownFileType = sourcecode.c.h; path = XLTableChartFooter.h; sourceTree = "<group>"; };
		C38057041F107C6A009BC4BC /* XLTableChartFooter.m */ = {isa = PBXFileReference; fileEncoding = 4; lastKnownFileType = sourcecode.c.objc; path = XLTableChartFooter.m; sourceTree = "<group>"; };
		C38057051F107C6A009BC4BC /* XLTableChartHeader.h */ = {isa = PBXFileReference; fileEncoding = 4; lastKnownFileType = sourcecode.c.h; path = XLTableChartHeader.h; sourceTree = "<group>"; };
		C38057061F107C6A009BC4BC /* XLTableChartHeader.m */ = {isa = PBXFileReference; fileEncoding = 4; lastKnownFileType = sourcecode.c.objc; path = XLTableChartHeader.m; sourceTree = "<group>"; };
		C38057091F107C6A009BC4BC /* XLTimeLineM.h */ = {isa = PBXFileReference; fileEncoding = 4; lastKnownFileType = sourcecode.c.h; path = XLTimeLineM.h; sourceTree = "<group>"; };
		C380570A1F107C6A009BC4BC /* XLTimeLineM.m */ = {isa = PBXFileReference; fileEncoding = 4; lastKnownFileType = sourcecode.c.objc; path = XLTimeLineM.m; sourceTree = "<group>"; };
		C380570C1F107C6A009BC4BC /* XLTimeLineChart.h */ = {isa = PBXFileReference; fileEncoding = 4; lastKnownFileType = sourcecode.c.h; path = XLTimeLineChart.h; sourceTree = "<group>"; };
		C380570D1F107C6A009BC4BC /* XLTimeLineChart.m */ = {isa = PBXFileReference; fileEncoding = 4; lastKnownFileType = sourcecode.c.objc; path = XLTimeLineChart.m; sourceTree = "<group>"; };
		C380570E1F107C6A009BC4BC /* XLTimeLineChartCell.h */ = {isa = PBXFileReference; fileEncoding = 4; lastKnownFileType = sourcecode.c.h; path = XLTimeLineChartCell.h; sourceTree = "<group>"; };
		C380570F1F107C6A009BC4BC /* XLTimeLineChartCell.m */ = {isa = PBXFileReference; fileEncoding = 4; lastKnownFileType = sourcecode.c.objc; path = XLTimeLineChartCell.m; sourceTree = "<group>"; };
		C38057101F107C6A009BC4BC /* XLTimeLineDetailChart.h */ = {isa = PBXFileReference; fileEncoding = 4; lastKnownFileType = sourcecode.c.h; path = XLTimeLineDetailChart.h; sourceTree = "<group>"; };
		C38057111F107C6A009BC4BC /* XLTimeLineDetailChart.m */ = {isa = PBXFileReference; fileEncoding = 4; lastKnownFileType = sourcecode.c.objc; path = XLTimeLineDetailChart.m; sourceTree = "<group>"; };
		C38057131F107C6A009BC4BC /* XLTimeLineChartVC.h */ = {isa = PBXFileReference; fileEncoding = 4; lastKnownFileType = sourcecode.c.h; path = XLTimeLineChartVC.h; sourceTree = "<group>"; };
		C38057141F107C6A009BC4BC /* XLTimeLineChartVC.m */ = {isa = PBXFileReference; fileEncoding = 4; lastKnownFileType = sourcecode.c.objc; path = XLTimeLineChartVC.m; sourceTree = "<group>"; };
		C38057171F107C6A009BC4BC /* XLTitleRectangleM.h */ = {isa = PBXFileReference; fileEncoding = 4; lastKnownFileType = sourcecode.c.h; path = XLTitleRectangleM.h; sourceTree = "<group>"; };
		C38057181F107C6A009BC4BC /* XLTitleRectangleM.m */ = {isa = PBXFileReference; fileEncoding = 4; lastKnownFileType = sourcecode.c.objc; path = XLTitleRectangleM.m; sourceTree = "<group>"; };
		C380571A1F107C6A009BC4BC /* XLTitleRectangleChart.h */ = {isa = PBXFileReference; fileEncoding = 4; lastKnownFileType = sourcecode.c.h; path = XLTitleRectangleChart.h; sourceTree = "<group>"; };
		C380571B1F107C6A009BC4BC /* XLTitleRectangleChart.m */ = {isa = PBXFileReference; fileEncoding = 4; lastKnownFileType = sourcecode.c.objc; path = XLTitleRectangleChart.m; sourceTree = "<group>"; };
		C38057431F107DB8009BC4BC /* XLChart.h */ = {isa = PBXFileReference; fileEncoding = 4; lastKnownFileType = sourcecode.c.h; path = XLChart.h; sourceTree = "<group>"; };
		C38057441F107DBF009BC4BC /* define.h */ = {isa = PBXFileReference; fileEncoding = 4; lastKnownFileType = sourcecode.c.h; path = define.h; sourceTree = "<group>"; };
		C38057881F108BE5009BC4BC /* CRoutines.h */ = {isa = PBXFileReference; fileEncoding = 4; lastKnownFileType = sourcecode.c.h; path = CRoutines.h; sourceTree = "<group>"; };
		C38057891F108BE5009BC4BC /* CRoutines.m */ = {isa = PBXFileReference; fileEncoding = 4; lastKnownFileType = sourcecode.c.objc; path = CRoutines.m; sourceTree = "<group>"; };
		C380578A1F108BE5009BC4BC /* XLGraphicEngine.h */ = {isa = PBXFileReference; fileEncoding = 4; lastKnownFileType = sourcecode.c.h; path = XLGraphicEngine.h; sourceTree = "<group>"; };
		C380578B1F108BE5009BC4BC /* XLGraphicEngine.m */ = {isa = PBXFileReference; fileEncoding = 4; lastKnownFileType = sourcecode.c.objc; path = XLGraphicEngine.m; sourceTree = "<group>"; };
		C380578F1F108C78009BC4BC /* UIColor+XLUIColor.h */ = {isa = PBXFileReference; fileEncoding = 4; lastKnownFileType = sourcecode.c.h; path = "UIColor+XLUIColor.h"; sourceTree = "<group>"; };
		C38057901F108C78009BC4BC /* UIColor+XLUIColor.m */ = {isa = PBXFileReference; fileEncoding = 4; lastKnownFileType = sourcecode.c.objc; path = "UIColor+XLUIColor.m"; sourceTree = "<group>"; };
		C38057911F108C78009BC4BC /* UIView+ICoo.h */ = {isa = PBXFileReference; fileEncoding = 4; lastKnownFileType = sourcecode.c.h; path = "UIView+ICoo.h"; sourceTree = "<group>"; };
		C38057921F108C78009BC4BC /* UIView+ICoo.m */ = {isa = PBXFileReference; fileEncoding = 4; lastKnownFileType = sourcecode.c.objc; path = "UIView+ICoo.m"; sourceTree = "<group>"; };
/* End PBXFileReference section */

/* Begin PBXFrameworksBuildPhase section */
		C31BFAAD1ED0152B0077A793 /* Frameworks */ = {
			isa = PBXFrameworksBuildPhase;
			buildActionMask = 2147483647;
			files = (
				B8DD432F5CB326F8A6CAC4FD /* libPods-XLChartClient.a in Frameworks */,
			);
			runOnlyForDeploymentPostprocessing = 0;
		};
		C31BFAC61ED0152C0077A793 /* Frameworks */ = {
			isa = PBXFrameworksBuildPhase;
			buildActionMask = 2147483647;
			files = (
			);
			runOnlyForDeploymentPostprocessing = 0;
		};
		C31BFAD11ED0152C0077A793 /* Frameworks */ = {
			isa = PBXFrameworksBuildPhase;
			buildActionMask = 2147483647;
			files = (
			);
			runOnlyForDeploymentPostprocessing = 0;
		};
/* End PBXFrameworksBuildPhase section */

/* Begin PBXGroup section */
		50DB1DD5E2732EED7BC93C69 /* Pods */ = {
			isa = PBXGroup;
			children = (
				B046D371E2C24E558B362CBA /* Pods-XLChartClient.debug.xcconfig */,
				48E90AF0C3C5A8922B987BAA /* Pods-XLChartClient.release.xcconfig */,
			);
			name = Pods;
			sourceTree = "<group>";
		};
		5BEBBDBD143BBEE7EE19FCC3 /* Frameworks */ = {
			isa = PBXGroup;
			children = (
				0432ABBA7D86347AC172C5C3 /* libPods-XLChartClient.a */,
			);
			name = Frameworks;
			sourceTree = "<group>";
		};
		C31BFAA71ED0152B0077A793 = {
			isa = PBXGroup;
			children = (
				C31BFAB21ED0152B0077A793 /* XLChartClient */,
				C31BFACC1ED0152C0077A793 /* XLChartClientTests */,
				C31BFAD71ED0152C0077A793 /* XLChartClientUITests */,
				C31BFAB11ED0152B0077A793 /* Products */,
				50DB1DD5E2732EED7BC93C69 /* Pods */,
				5BEBBDBD143BBEE7EE19FCC3 /* Frameworks */,
			);
			sourceTree = "<group>";
		};
		C31BFAB11ED0152B0077A793 /* Products */ = {
			isa = PBXGroup;
			children = (
				C31BFAB01ED0152B0077A793 /* XLChartClient.app */,
				C31BFAC91ED0152C0077A793 /* XLChartClientTests.xctest */,
				C31BFAD41ED0152C0077A793 /* XLChartClientUITests.xctest */,
			);
			name = Products;
			sourceTree = "<group>";
		};
		C31BFAB21ED0152B0077A793 /* XLChartClient */ = {
			isa = PBXGroup;
			children = (
				C38056AA1F107C6A009BC4BC /* XLGraphicEngine */,
				C31BFAB61ED0152B0077A793 /* AppDelegate.h */,
				C31BFAB71ED0152C0077A793 /* AppDelegate.m */,
				C31BFBA71ED028C50077A793 /* MainFoldingCell.xib */,
				C354D2581F0F2FE1000AA733 /* MainFoldingCell.h */,
				C354D2591F0F2FE1000AA733 /* MainFoldingCell.m */,
				C31BFAB91ED0152C0077A793 /* ViewController.h */,
				C31BFABA1ED0152C0077A793 /* ViewController.m */,
				C31BFABC1ED0152C0077A793 /* Main.storyboard */,
				C31BFABF1ED0152C0077A793 /* Assets.xcassets */,
				C31BFAC11ED0152C0077A793 /* LaunchScreen.storyboard */,
				C31BFAC41ED0152C0077A793 /* Info.plist */,
				C31BFAB31ED0152B0077A793 /* Supporting Files */,
				C31BFAE61ED015B60077A793 /* XLChartClient-Bridging-Header.h */,
			);
			path = XLChartClient;
			sourceTree = "<group>";
		};
		C31BFAB31ED0152B0077A793 /* Supporting Files */ = {
			isa = PBXGroup;
			children = (
				C31BFAB41ED0152B0077A793 /* main.m */,
			);
			name = "Supporting Files";
			sourceTree = "<group>";
		};
		C31BFACC1ED0152C0077A793 /* XLChartClientTests */ = {
			isa = PBXGroup;
			children = (
				C31BFACD1ED0152C0077A793 /* XLChartClientTests.m */,
				C31BFACF1ED0152C0077A793 /* Info.plist */,
			);
			path = XLChartClientTests;
			sourceTree = "<group>";
		};
		C31BFAD71ED0152C0077A793 /* XLChartClientUITests */ = {
			isa = PBXGroup;
			children = (
				C31BFAD81ED0152C0077A793 /* XLChartClientUITests.m */,
				C31BFADA1ED0152C0077A793 /* Info.plist */,
			);
			path = XLChartClientUITests;
			sourceTree = "<group>";
		};
		C38056AA1F107C6A009BC4BC /* XLGraphicEngine */ = {
			isa = PBXGroup;
			children = (
				C380578E1F108C78009BC4BC /* XLExtension */,
				C38057871F108BE5009BC4BC /* XLKernel */,
				C38057441F107DBF009BC4BC /* define.h */,
				C38057431F107DB8009BC4BC /* XLChart.h */,
				C38056AB1F107C6A009BC4BC /* XLAxisChart */,
				C38056B21F107C6A009BC4BC /* XLBarChart */,
				C38056BD1F107C6A009BC4BC /* XLBaseChart */,
				C38056C61F107C6A009BC4BC /* XLPieChart */,
				C38056CF1F107C6A009BC4BC /* XLPopupChart */,
				C38056D61F107C6A009BC4BC /* XLQudrantChart */,
				C38056E81F107C6A009BC4BC /* XLRadarChart */,
				C38056EF1F107C6A009BC4BC /* XLSegmentChart */,
				C38056F81F107C6A009BC4BC /* XLTableChart */,
				C38057071F107C6A009BC4BC /* XLTimeLineChart */,
				C38057151F107C6A009BC4BC /* XLTitleRectangleChart */,
			);
			path = XLGraphicEngine;
			sourceTree = "<group>";
		};
		C38056AB1F107C6A009BC4BC /* XLAxisChart */ = {
			isa = PBXGroup;
			children = (
				C38056AC1F107C6A009BC4BC /* Model */,
				C38056AF1F107C6A009BC4BC /* View */,
			);
			path = XLAxisChart;
			sourceTree = "<group>";
		};
		C38056AC1F107C6A009BC4BC /* Model */ = {
			isa = PBXGroup;
			children = (
				C38056AD1F107C6A009BC4BC /* XLAxisM.h */,
				C38056AE1F107C6A009BC4BC /* XLAxisM.m */,
			);
			path = Model;
			sourceTree = "<group>";
		};
		C38056AF1F107C6A009BC4BC /* View */ = {
			isa = PBXGroup;
			children = (
				C38056B01F107C6A009BC4BC /* XLAxisChart.h */,
				C38056B11F107C6A009BC4BC /* XLAxisChart.m */,
			);
			path = View;
			sourceTree = "<group>";
		};
		C38056B21F107C6A009BC4BC /* XLBarChart */ = {
			isa = PBXGroup;
			children = (
				C38056B31F107C6A009BC4BC /* Model */,
				C38056B61F107C6A009BC4BC /* View */,
			);
			path = XLBarChart;
			sourceTree = "<group>";
		};
		C38056B31F107C6A009BC4BC /* Model */ = {
			isa = PBXGroup;
			children = (
				C38056B41F107C6A009BC4BC /* XLBarLineChartM.h */,
				C38056B51F107C6A009BC4BC /* XLBarLineChartM.m */,
			);
			path = Model;
			sourceTree = "<group>";
		};
		C38056B61F107C6A009BC4BC /* View */ = {
			isa = PBXGroup;
			children = (
				C38056B71F107C6A009BC4BC /* XLBarLineChart.h */,
				C38056B81F107C6A009BC4BC /* XLBarLineChart.m */,
				C38056B91F107C6A009BC4BC /* XLBarLineChartCell.h */,
				C38056BA1F107C6A009BC4BC /* XLBarLineChartCell.m */,
				C38056BB1F107C6A009BC4BC /* XLBarLineChartDetail.h */,
				C38056BC1F107C6A009BC4BC /* XLBarLineChartDetail.m */,
			);
			path = View;
			sourceTree = "<group>";
		};
		C38056BD1F107C6A009BC4BC /* XLBaseChart */ = {
			isa = PBXGroup;
			children = (
				C38056BE1F107C6A009BC4BC /* Model */,
				C38056C11F107C6A009BC4BC /* View */,
			);
			path = XLBaseChart;
			sourceTree = "<group>";
		};
		C38056BE1F107C6A009BC4BC /* Model */ = {
			isa = PBXGroup;
			children = (
				C38056BF1F107C6A009BC4BC /* XLBaseM.h */,
				C38056C01F107C6A009BC4BC /* XLBaseM.m */,
			);
			path = Model;
			sourceTree = "<group>";
		};
		C38056C11F107C6A009BC4BC /* View */ = {
			isa = PBXGroup;
			children = (
				C38056C21F107C6A009BC4BC /* XLBaseChart.h */,
				C38056C31F107C6A009BC4BC /* XLBaseChart.m */,
			);
			path = View;
			sourceTree = "<group>";
		};
		C38056C61F107C6A009BC4BC /* XLPieChart */ = {
			isa = PBXGroup;
			children = (
				C38056C71F107C6A009BC4BC /* Model */,
				C38056CA1F107C6A009BC4BC /* View */,
			);
			path = XLPieChart;
			sourceTree = "<group>";
		};
		C38056C71F107C6A009BC4BC /* Model */ = {
			isa = PBXGroup;
			children = (
				C38056C81F107C6A009BC4BC /* XLPieChartM.h */,
				C38056C91F107C6A009BC4BC /* XLPieChartM.m */,
			);
			path = Model;
			sourceTree = "<group>";
		};
		C38056CA1F107C6A009BC4BC /* View */ = {
			isa = PBXGroup;
			children = (
				C38056CB1F107C6A009BC4BC /* XLPieChart.h */,
				C38056CC1F107C6A009BC4BC /* XLPieChart.m */,
				C38056CD1F107C6A009BC4BC /* XLPieContentChart.h */,
				C38056CE1F107C6A009BC4BC /* XLPieContentChart.m */,
			);
			path = View;
			sourceTree = "<group>";
		};
		C38056CF1F107C6A009BC4BC /* XLPopupChart */ = {
			isa = PBXGroup;
			children = (
				C38056D01F107C6A009BC4BC /* Model */,
				C38056D31F107C6A009BC4BC /* View */,
			);
			path = XLPopupChart;
			sourceTree = "<group>";
		};
		C38056D01F107C6A009BC4BC /* Model */ = {
			isa = PBXGroup;
			children = (
				C38056D11F107C6A009BC4BC /* XLPopupChartM.h */,
				C38056D21F107C6A009BC4BC /* XLPopupChartM.m */,
			);
			path = Model;
			sourceTree = "<group>";
		};
		C38056D31F107C6A009BC4BC /* View */ = {
			isa = PBXGroup;
			children = (
				C38056D41F107C6A009BC4BC /* XLPopupChart.h */,
				C38056D51F107C6A009BC4BC /* XLPopupChart.m */,
			);
			path = View;
			sourceTree = "<group>";
		};
		C38056D61F107C6A009BC4BC /* XLQudrantChart */ = {
			isa = PBXGroup;
			children = (
				C38056D71F107C6A009BC4BC /* Model */,
				C38056E01F107C6A009BC4BC /* View */,
			);
			path = XLQudrantChart;
			sourceTree = "<group>";
		};
		C38056D71F107C6A009BC4BC /* Model */ = {
			isa = PBXGroup;
			children = (
				C38056D81F107C6A009BC4BC /* XLQuadrantButton.h */,
				C38056D91F107C6A009BC4BC /* XLQuadrantButton.m */,
				C38056DA1F107C6A009BC4BC /* XLQuadrantChart.h */,
				C38056DB1F107C6A009BC4BC /* XLQuadrantChart.m */,
				C38056DC1F107C6A009BC4BC /* XLQuadrantM.h */,
				C38056DD1F107C6A009BC4BC /* XLQuadrantM.m */,
				C38056DE1F107C6A009BC4BC /* XLQuadrantRectangleM.h */,
				C38056DF1F107C6A009BC4BC /* XLQuadrantRectangleM.m */,
			);
			path = Model;
			sourceTree = "<group>";
		};
		C38056E01F107C6A009BC4BC /* View */ = {
			isa = PBXGroup;
			children = (
				C38056E11F107C6A009BC4BC /* XLQuadrantArrowLabel.h */,
				C38056E21F107C6A009BC4BC /* XLQuadrantArrowLabel.m */,
				C38056E31F107C6A009BC4BC /* XLQuadrantChartDetail.h */,
				C38056E41F107C6A009BC4BC /* XLQuadrantChartDetail.m */,
				C38056E51F107C6A009BC4BC /* XLQuadrantTableViewCell.h */,
				C38056E61F107C6A009BC4BC /* XLQuadrantTableViewCell.m */,
				C38056E71F107C6A009BC4BC /* XLQuadrantTableViewCell.xib */,
			);
			path = View;
			sourceTree = "<group>";
		};
		C38056E81F107C6A009BC4BC /* XLRadarChart */ = {
			isa = PBXGroup;
			children = (
				C38056E91F107C6A009BC4BC /* Model */,
				C38056EC1F107C6A009BC4BC /* View */,
			);
			path = XLRadarChart;
			sourceTree = "<group>";
		};
		C38056E91F107C6A009BC4BC /* Model */ = {
			isa = PBXGroup;
			children = (
				C38056EA1F107C6A009BC4BC /* XLRadarM.h */,
				C38056EB1F107C6A009BC4BC /* XLRadarM.m */,
			);
			path = Model;
			sourceTree = "<group>";
		};
		C38056EC1F107C6A009BC4BC /* View */ = {
			isa = PBXGroup;
			children = (
				C38056ED1F107C6A009BC4BC /* XLRadarChart.h */,
				C38056EE1F107C6A009BC4BC /* XLRadarChart.m */,
			);
			path = View;
			sourceTree = "<group>";
		};
		C38056EF1F107C6A009BC4BC /* XLSegmentChart */ = {
			isa = PBXGroup;
			children = (
				C38056F01F107C6A009BC4BC /* Model */,
				C38056F31F107C6A009BC4BC /* View */,
			);
			path = XLSegmentChart;
			sourceTree = "<group>";
		};
		C38056F01F107C6A009BC4BC /* Model */ = {
			isa = PBXGroup;
			children = (
				C38056F11F107C6A009BC4BC /* XLSegmentCellM.h */,
				C38056F21F107C6A009BC4BC /* XLSegmentCellM.m */,
			);
			path = Model;
			sourceTree = "<group>";
		};
		C38056F31F107C6A009BC4BC /* View */ = {
			isa = PBXGroup;
			children = (
				C38056F41F107C6A009BC4BC /* XLSegmentCell.h */,
				C38056F51F107C6A009BC4BC /* XLSegmentCell.m */,
				C38056F61F107C6A009BC4BC /* XLSegmentChart.h */,
				C38056F71F107C6A009BC4BC /* XLSegmentChart.m */,
			);
			path = View;
			sourceTree = "<group>";
		};
		C38056F81F107C6A009BC4BC /* XLTableChart */ = {
			isa = PBXGroup;
			children = (
				C38056F91F107C6A009BC4BC /* Model */,
				C38056FC1F107C6A009BC4BC /* View */,
			);
			path = XLTableChart;
			sourceTree = "<group>";
		};
		C38056F91F107C6A009BC4BC /* Model */ = {
			isa = PBXGroup;
			children = (
				C38056FA1F107C6A009BC4BC /* XLTableCellM.h */,
				C38056FB1F107C6A009BC4BC /* XLTableCellM.m */,
			);
			path = Model;
			sourceTree = "<group>";
		};
		C38056FC1F107C6A009BC4BC /* View */ = {
			isa = PBXGroup;
			children = (
				C38056FD1F107C6A009BC4BC /* XLTableChart.h */,
				C38056FE1F107C6A009BC4BC /* XLTableChart.m */,
				C38056FF1F107C6A009BC4BC /* XLTableChartCell.h */,
				C38057001F107C6A009BC4BC /* XLTableChartCell.m */,
				C38057011F107C6A009BC4BC /* XLTableChartDetail.h */,
				C38057021F107C6A009BC4BC /* XLTableChartDetail.m */,
				C38057031F107C6A009BC4BC /* XLTableChartFooter.h */,
				C38057041F107C6A009BC4BC /* XLTableChartFooter.m */,
				C38057051F107C6A009BC4BC /* XLTableChartHeader.h */,
				C38057061F107C6A009BC4BC /* XLTableChartHeader.m */,
			);
			path = View;
			sourceTree = "<group>";
		};
		C38057071F107C6A009BC4BC /* XLTimeLineChart */ = {
			isa = PBXGroup;
			children = (
				C38057081F107C6A009BC4BC /* Model */,
				C380570B1F107C6A009BC4BC /* View */,
				C38057121F107C6A009BC4BC /* ViewController */,
			);
			path = XLTimeLineChart;
			sourceTree = "<group>";
		};
		C38057081F107C6A009BC4BC /* Model */ = {
			isa = PBXGroup;
			children = (
				C38057091F107C6A009BC4BC /* XLTimeLineM.h */,
				C380570A1F107C6A009BC4BC /* XLTimeLineM.m */,
			);
			path = Model;
			sourceTree = "<group>";
		};
		C380570B1F107C6A009BC4BC /* View */ = {
			isa = PBXGroup;
			children = (
				C380570C1F107C6A009BC4BC /* XLTimeLineChart.h */,
				C380570D1F107C6A009BC4BC /* XLTimeLineChart.m */,
				C380570E1F107C6A009BC4BC /* XLTimeLineChartCell.h */,
				C380570F1F107C6A009BC4BC /* XLTimeLineChartCell.m */,
				C38057101F107C6A009BC4BC /* XLTimeLineDetailChart.h */,
				C38057111F107C6A009BC4BC /* XLTimeLineDetailChart.m */,
			);
			path = View;
			sourceTree = "<group>";
		};
		C38057121F107C6A009BC4BC /* ViewController */ = {
			isa = PBXGroup;
			children = (
				C38057131F107C6A009BC4BC /* XLTimeLineChartVC.h */,
				C38057141F107C6A009BC4BC /* XLTimeLineChartVC.m */,
			);
			path = ViewController;
			sourceTree = "<group>";
		};
		C38057151F107C6A009BC4BC /* XLTitleRectangleChart */ = {
			isa = PBXGroup;
			children = (
				C38057161F107C6A009BC4BC /* Model */,
				C38057191F107C6A009BC4BC /* View */,
			);
			path = XLTitleRectangleChart;
			sourceTree = "<group>";
		};
		C38057161F107C6A009BC4BC /* Model */ = {
			isa = PBXGroup;
			children = (
				C38057171F107C6A009BC4BC /* XLTitleRectangleM.h */,
				C38057181F107C6A009BC4BC /* XLTitleRectangleM.m */,
			);
			path = Model;
			sourceTree = "<group>";
		};
		C38057191F107C6A009BC4BC /* View */ = {
			isa = PBXGroup;
			children = (
				C380571A1F107C6A009BC4BC /* XLTitleRectangleChart.h */,
				C380571B1F107C6A009BC4BC /* XLTitleRectangleChart.m */,
			);
			path = View;
			sourceTree = "<group>";
		};
		C38057871F108BE5009BC4BC /* XLKernel */ = {
			isa = PBXGroup;
			children = (
				C38057881F108BE5009BC4BC /* CRoutines.h */,
				C38057891F108BE5009BC4BC /* CRoutines.m */,
				C380578A1F108BE5009BC4BC /* XLGraphicEngine.h */,
				C380578B1F108BE5009BC4BC /* XLGraphicEngine.m */,
			);
			path = XLKernel;
			sourceTree = "<group>";
		};
		C380578E1F108C78009BC4BC /* XLExtension */ = {
			isa = PBXGroup;
			children = (
				C380578F1F108C78009BC4BC /* UIColor+XLUIColor.h */,
				C38057901F108C78009BC4BC /* UIColor+XLUIColor.m */,
				C38057911F108C78009BC4BC /* UIView+ICoo.h */,
				C38057921F108C78009BC4BC /* UIView+ICoo.m */,
			);
			path = XLExtension;
			sourceTree = "<group>";
		};
/* End PBXGroup section */

/* Begin PBXNativeTarget section */
		C31BFAAF1ED0152B0077A793 /* XLChartClient */ = {
			isa = PBXNativeTarget;
			buildConfigurationList = C31BFADD1ED0152C0077A793 /* Build configuration list for PBXNativeTarget "XLChartClient" */;
			buildPhases = (
				3D09149CDAC3C55FC856CF64 /* [CP] Check Pods Manifest.lock */,
				C31BFAAC1ED0152B0077A793 /* Sources */,
				C31BFAAD1ED0152B0077A793 /* Frameworks */,
				C31BFAAE1ED0152B0077A793 /* Resources */,
				DD04629A9746C93BABBF9B58 /* [CP] Embed Pods Frameworks */,
				FA7DE3657283205360FDB9B3 /* [CP] Copy Pods Resources */,
			);
			buildRules = (
			);
			dependencies = (
			);
			name = XLChartClient;
			productName = XLChartClient;
			productReference = C31BFAB01ED0152B0077A793 /* XLChartClient.app */;
			productType = "com.apple.product-type.application";
		};
		C31BFAC81ED0152C0077A793 /* XLChartClientTests */ = {
			isa = PBXNativeTarget;
			buildConfigurationList = C31BFAE01ED0152C0077A793 /* Build configuration list for PBXNativeTarget "XLChartClientTests" */;
			buildPhases = (
				C31BFAC51ED0152C0077A793 /* Sources */,
				C31BFAC61ED0152C0077A793 /* Frameworks */,
				C31BFAC71ED0152C0077A793 /* Resources */,
			);
			buildRules = (
			);
			dependencies = (
				C31BFACB1ED0152C0077A793 /* PBXTargetDependency */,
			);
			name = XLChartClientTests;
			productName = XLChartClientTests;
			productReference = C31BFAC91ED0152C0077A793 /* XLChartClientTests.xctest */;
			productType = "com.apple.product-type.bundle.unit-test";
		};
		C31BFAD31ED0152C0077A793 /* XLChartClientUITests */ = {
			isa = PBXNativeTarget;
			buildConfigurationList = C31BFAE31ED0152C0077A793 /* Build configuration list for PBXNativeTarget "XLChartClientUITests" */;
			buildPhases = (
				C31BFAD01ED0152C0077A793 /* Sources */,
				C31BFAD11ED0152C0077A793 /* Frameworks */,
				C31BFAD21ED0152C0077A793 /* Resources */,
			);
			buildRules = (
			);
			dependencies = (
				C31BFAD61ED0152C0077A793 /* PBXTargetDependency */,
			);
			name = XLChartClientUITests;
			productName = XLChartClientUITests;
			productReference = C31BFAD41ED0152C0077A793 /* XLChartClientUITests.xctest */;
			productType = "com.apple.product-type.bundle.ui-testing";
		};
/* End PBXNativeTarget section */

/* Begin PBXProject section */
		C31BFAA81ED0152B0077A793 /* Project object */ = {
			isa = PBXProject;
			attributes = {
				LastUpgradeCheck = 0830;
				ORGANIZATIONNAME = JuniorKey;
				TargetAttributes = {
					C31BFAAF1ED0152B0077A793 = {
						CreatedOnToolsVersion = 8.3;
						DevelopmentTeam = 45EY8JJE63;
						LastSwiftMigration = 0830;
						ProvisioningStyle = Automatic;
					};
					C31BFAC81ED0152C0077A793 = {
						CreatedOnToolsVersion = 8.3;
						DevelopmentTeam = 45EY8JJE63;
						ProvisioningStyle = Automatic;
						TestTargetID = C31BFAAF1ED0152B0077A793;
					};
					C31BFAD31ED0152C0077A793 = {
						CreatedOnToolsVersion = 8.3;
						DevelopmentTeam = 45EY8JJE63;
						ProvisioningStyle = Automatic;
						TestTargetID = C31BFAAF1ED0152B0077A793;
					};
				};
			};
			buildConfigurationList = C31BFAAB1ED0152B0077A793 /* Build configuration list for PBXProject "XLChartClient" */;
			compatibilityVersion = "Xcode 3.2";
			developmentRegion = English;
			hasScannedForEncodings = 0;
			knownRegions = (
				en,
				Base,
			);
			mainGroup = C31BFAA71ED0152B0077A793;
			productRefGroup = C31BFAB11ED0152B0077A793 /* Products */;
			projectDirPath = "";
			projectRoot = "";
			targets = (
				C31BFAAF1ED0152B0077A793 /* XLChartClient */,
				C31BFAC81ED0152C0077A793 /* XLChartClientTests */,
				C31BFAD31ED0152C0077A793 /* XLChartClientUITests */,
			);
		};
/* End PBXProject section */

/* Begin PBXResourcesBuildPhase section */
		C31BFAAE1ED0152B0077A793 /* Resources */ = {
			isa = PBXResourcesBuildPhase;
			buildActionMask = 2147483647;
			files = (
				C31BFAC31ED0152C0077A793 /* LaunchScreen.storyboard in Resources */,
				C31BFBA91ED028C50077A793 /* MainFoldingCell.xib in Resources */,
				C31BFAC01ED0152C0077A793 /* Assets.xcassets in Resources */,
				C38057301F107C6A009BC4BC /* XLQuadrantTableViewCell.xib in Resources */,
				C31BFABE1ED0152C0077A793 /* Main.storyboard in Resources */,
			);
			runOnlyForDeploymentPostprocessing = 0;
		};
		C31BFAC71ED0152C0077A793 /* Resources */ = {
			isa = PBXResourcesBuildPhase;
			buildActionMask = 2147483647;
			files = (
			);
			runOnlyForDeploymentPostprocessing = 0;
		};
		C31BFAD21ED0152C0077A793 /* Resources */ = {
			isa = PBXResourcesBuildPhase;
			buildActionMask = 2147483647;
			files = (
			);
			runOnlyForDeploymentPostprocessing = 0;
		};
/* End PBXResourcesBuildPhase section */

/* Begin PBXShellScriptBuildPhase section */
		3D09149CDAC3C55FC856CF64 /* [CP] Check Pods Manifest.lock */ = {
			isa = PBXShellScriptBuildPhase;
			buildActionMask = 2147483647;
			files = (
			);
			inputPaths = (
			);
			name = "[CP] Check Pods Manifest.lock";
			outputPaths = (
			);
			runOnlyForDeploymentPostprocessing = 0;
			shellPath = /bin/sh;
			shellScript = "diff \"${PODS_ROOT}/../Podfile.lock\" \"${PODS_ROOT}/Manifest.lock\" > /dev/null\nif [[ $? != 0 ]] ; then\n    cat << EOM\nerror: The sandbox is not in sync with the Podfile.lock. Run 'pod install' or update your CocoaPods installation.\nEOM\n    exit 1\nfi\n";
			showEnvVarsInLog = 0;
		};
		DD04629A9746C93BABBF9B58 /* [CP] Embed Pods Frameworks */ = {
			isa = PBXShellScriptBuildPhase;
			buildActionMask = 2147483647;
			files = (
			);
			inputPaths = (
			);
			name = "[CP] Embed Pods Frameworks";
			outputPaths = (
			);
			runOnlyForDeploymentPostprocessing = 0;
			shellPath = /bin/sh;
			shellScript = "\"${SRCROOT}/Pods/Target Support Files/Pods-XLChartClient/Pods-XLChartClient-frameworks.sh\"\n";
			showEnvVarsInLog = 0;
		};
		FA7DE3657283205360FDB9B3 /* [CP] Copy Pods Resources */ = {
			isa = PBXShellScriptBuildPhase;
			buildActionMask = 2147483647;
			files = (
			);
			inputPaths = (
			);
			name = "[CP] Copy Pods Resources";
			outputPaths = (
			);
			runOnlyForDeploymentPostprocessing = 0;
			shellPath = /bin/sh;
			shellScript = "\"${SRCROOT}/Pods/Target Support Files/Pods-XLChartClient/Pods-XLChartClient-resources.sh\"\n";
			showEnvVarsInLog = 0;
		};
/* End PBXShellScriptBuildPhase section */

/* Begin PBXSourcesBuildPhase section */
		C31BFAAC1ED0152B0077A793 /* Sources */ = {
			isa = PBXSourcesBuildPhase;
			buildActionMask = 2147483647;
			files = (
				C31BFABB1ED0152C0077A793 /* ViewController.m in Sources */,
				C38057271F107C6A009BC4BC /* XLPopupChartM.m in Sources */,
				C380572C1F107C6A009BC4BC /* XLQuadrantRectangleM.m in Sources */,
				C380571C1F107C6A009BC4BC /* XLAxisM.m in Sources */,
				C380578D1F108BE5009BC4BC /* XLGraphicEngine.m in Sources */,
				C380573B1F107C6A009BC4BC /* XLTableChartHeader.m in Sources */,
				C380578C1F108BE5009BC4BC /* CRoutines.m in Sources */,
				C38057421F107C6A009BC4BC /* XLTitleRectangleChart.m in Sources */,
				C31BFAB81ED0152C0077A793 /* AppDelegate.m in Sources */,
				C38057331F107C6A009BC4BC /* XLSegmentCellM.m in Sources */,
				C38057201F107C6A009BC4BC /* XLBarLineChartCell.m in Sources */,
				C380573C1F107C6A009BC4BC /* XLTimeLineM.m in Sources */,
				C380572B1F107C6A009BC4BC /* XLQuadrantM.m in Sources */,
				C38057221F107C6A009BC4BC /* XLBaseM.m in Sources */,
				C380572E1F107C6A009BC4BC /* XLQuadrantChartDetail.m in Sources */,
				C38057391F107C6A009BC4BC /* XLTableChartDetail.m in Sources */,
				C38057941F108C78009BC4BC /* UIView+ICoo.m in Sources */,
				C380572D1F107C6A009BC4BC /* XLQuadrantArrowLabel.m in Sources */,
				C38057381F107C6A009BC4BC /* XLTableChartCell.m in Sources */,
				C38057231F107C6A009BC4BC /* XLBaseChart.m in Sources */,
				C380572F1F107C6A009BC4BC /* XLQuadrantTableViewCell.m in Sources */,
				C38057311F107C6A009BC4BC /* XLRadarM.m in Sources */,
				C38057411F107C6A009BC4BC /* XLTitleRectangleM.m in Sources */,
				C38057361F107C6A009BC4BC /* XLTableCellM.m in Sources */,
				C38057321F107C6A009BC4BC /* XLRadarChart.m in Sources */,
				C380573A1F107C6A009BC4BC /* XLTableChartFooter.m in Sources */,
				C38057241F107C6A009BC4BC /* XLPieChartM.m in Sources */,
				C38057281F107C6A009BC4BC /* XLPopupChart.m in Sources */,
				C380573F1F107C6A009BC4BC /* XLTimeLineDetailChart.m in Sources */,
				C38057371F107C6A009BC4BC /* XLTableChart.m in Sources */,
				C31BFAB51ED0152B0077A793 /* main.m in Sources */,
				C38057211F107C6A009BC4BC /* XLBarLineChartDetail.m in Sources */,
				C354D25A1F0F2FE1000AA733 /* MainFoldingCell.m in Sources */,
				C380571E1F107C6A009BC4BC /* XLBarLineChartM.m in Sources */,
				C38057341F107C6A009BC4BC /* XLSegmentCell.m in Sources */,
				C380573E1F107C6A009BC4BC /* XLTimeLineChartCell.m in Sources */,
				C38057291F107C6A009BC4BC /* XLQuadrantButton.m in Sources */,
				C38057261F107C6A009BC4BC /* XLPieContentChart.m in Sources */,
				C38057251F107C6A009BC4BC /* XLPieChart.m in Sources */,
				C380571F1F107C6A009BC4BC /* XLBarLineChart.m in Sources */,
				C38057351F107C6A009BC4BC /* XLSegmentChart.m in Sources */,
				C38057401F107C6A009BC4BC /* XLTimeLineChartVC.m in Sources */,
				C380572A1F107C6A009BC4BC /* XLQuadrantChart.m in Sources */,
				C380571D1F107C6A009BC4BC /* XLAxisChart.m in Sources */,
				C380573D1F107C6A009BC4BC /* XLTimeLineChart.m in Sources */,
				C38057931F108C78009BC4BC /* UIColor+XLUIColor.m in Sources */,
			);
			runOnlyForDeploymentPostprocessing = 0;
		};
		C31BFAC51ED0152C0077A793 /* Sources */ = {
			isa = PBXSourcesBuildPhase;
			buildActionMask = 2147483647;
			files = (
				C354D25B1F0F2FE1000AA733 /* MainFoldingCell.m in Sources */,
				C31BFACE1ED0152C0077A793 /* XLChartClientTests.m in Sources */,
			);
			runOnlyForDeploymentPostprocessing = 0;
		};
		C31BFAD01ED0152C0077A793 /* Sources */ = {
			isa = PBXSourcesBuildPhase;
			buildActionMask = 2147483647;
			files = (
				C354D25C1F0F2FE1000AA733 /* MainFoldingCell.m in Sources */,
				C31BFAD91ED0152C0077A793 /* XLChartClientUITests.m in Sources */,
			);
			runOnlyForDeploymentPostprocessing = 0;
		};
/* End PBXSourcesBuildPhase section */

/* Begin PBXTargetDependency section */
		C31BFACB1ED0152C0077A793 /* PBXTargetDependency */ = {
			isa = PBXTargetDependency;
			target = C31BFAAF1ED0152B0077A793 /* XLChartClient */;
			targetProxy = C31BFACA1ED0152C0077A793 /* PBXContainerItemProxy */;
		};
		C31BFAD61ED0152C0077A793 /* PBXTargetDependency */ = {
			isa = PBXTargetDependency;
			target = C31BFAAF1ED0152B0077A793 /* XLChartClient */;
			targetProxy = C31BFAD51ED0152C0077A793 /* PBXContainerItemProxy */;
		};
/* End PBXTargetDependency section */

/* Begin PBXVariantGroup section */
		C31BFABC1ED0152C0077A793 /* Main.storyboard */ = {
			isa = PBXVariantGroup;
			children = (
				C31BFABD1ED0152C0077A793 /* Base */,
			);
			name = Main.storyboard;
			sourceTree = "<group>";
		};
		C31BFAC11ED0152C0077A793 /* LaunchScreen.storyboard */ = {
			isa = PBXVariantGroup;
			children = (
				C31BFAC21ED0152C0077A793 /* Base */,
			);
			name = LaunchScreen.storyboard;
			sourceTree = "<group>";
		};
/* End PBXVariantGroup section */

/* Begin XCBuildConfiguration section */
		C31BFADB1ED0152C0077A793 /* Debug */ = {
			isa = XCBuildConfiguration;
			buildSettings = {
				ALWAYS_SEARCH_USER_PATHS = NO;
				CLANG_ANALYZER_NONNULL = YES;
				CLANG_ANALYZER_NUMBER_OBJECT_CONVERSION = YES_AGGRESSIVE;
				CLANG_CXX_LANGUAGE_STANDARD = "gnu++0x";
				CLANG_CXX_LIBRARY = "libc++";
				CLANG_ENABLE_MODULES = YES;
				CLANG_ENABLE_OBJC_ARC = YES;
				CLANG_WARN_BOOL_CONVERSION = YES;
				CLANG_WARN_CONSTANT_CONVERSION = YES;
				CLANG_WARN_DIRECT_OBJC_ISA_USAGE = YES_ERROR;
				CLANG_WARN_DOCUMENTATION_COMMENTS = YES;
				CLANG_WARN_EMPTY_BODY = YES;
				CLANG_WARN_ENUM_CONVERSION = YES;
				CLANG_WARN_INFINITE_RECURSION = YES;
				CLANG_WARN_INT_CONVERSION = YES;
				CLANG_WARN_OBJC_ROOT_CLASS = YES_ERROR;
				CLANG_WARN_SUSPICIOUS_MOVE = YES;
				CLANG_WARN_UNREACHABLE_CODE = YES;
				CLANG_WARN__DUPLICATE_METHOD_MATCH = YES;
				"CODE_SIGN_IDENTITY[sdk=iphoneos*]" = "iPhone Developer";
				COPY_PHASE_STRIP = NO;
				DEBUG_INFORMATION_FORMAT = dwarf;
				ENABLE_STRICT_OBJC_MSGSEND = YES;
				ENABLE_TESTABILITY = YES;
				GCC_C_LANGUAGE_STANDARD = gnu99;
				GCC_DYNAMIC_NO_PIC = NO;
				GCC_NO_COMMON_BLOCKS = YES;
				GCC_OPTIMIZATION_LEVEL = 0;
				GCC_PREPROCESSOR_DEFINITIONS = (
					"DEBUG=1",
					"$(inherited)",
				);
				GCC_WARN_64_TO_32_BIT_CONVERSION = YES;
				GCC_WARN_ABOUT_RETURN_TYPE = YES_ERROR;
				GCC_WARN_UNDECLARED_SELECTOR = YES;
				GCC_WARN_UNINITIALIZED_AUTOS = YES_AGGRESSIVE;
				GCC_WARN_UNUSED_FUNCTION = YES;
				GCC_WARN_UNUSED_VARIABLE = YES;
				IPHONEOS_DEPLOYMENT_TARGET = 10.3;
				MTL_ENABLE_DEBUG_INFO = YES;
				ONLY_ACTIVE_ARCH = YES;
				SDKROOT = iphoneos;
				TARGETED_DEVICE_FAMILY = "1,2";
			};
			name = Debug;
		};
		C31BFADC1ED0152C0077A793 /* Release */ = {
			isa = XCBuildConfiguration;
			buildSettings = {
				ALWAYS_SEARCH_USER_PATHS = NO;
				CLANG_ANALYZER_NONNULL = YES;
				CLANG_ANALYZER_NUMBER_OBJECT_CONVERSION = YES_AGGRESSIVE;
				CLANG_CXX_LANGUAGE_STANDARD = "gnu++0x";
				CLANG_CXX_LIBRARY = "libc++";
				CLANG_ENABLE_MODULES = YES;
				CLANG_ENABLE_OBJC_ARC = YES;
				CLANG_WARN_BOOL_CONVERSION = YES;
				CLANG_WARN_CONSTANT_CONVERSION = YES;
				CLANG_WARN_DIRECT_OBJC_ISA_USAGE = YES_ERROR;
				CLANG_WARN_DOCUMENTATION_COMMENTS = YES;
				CLANG_WARN_EMPTY_BODY = YES;
				CLANG_WARN_ENUM_CONVERSION = YES;
				CLANG_WARN_INFINITE_RECURSION = YES;
				CLANG_WARN_INT_CONVERSION = YES;
				CLANG_WARN_OBJC_ROOT_CLASS = YES_ERROR;
				CLANG_WARN_SUSPICIOUS_MOVE = YES;
				CLANG_WARN_UNREACHABLE_CODE = YES;
				CLANG_WARN__DUPLICATE_METHOD_MATCH = YES;
				"CODE_SIGN_IDENTITY[sdk=iphoneos*]" = "iPhone Developer";
				COPY_PHASE_STRIP = NO;
				DEBUG_INFORMATION_FORMAT = "dwarf-with-dsym";
				ENABLE_NS_ASSERTIONS = NO;
				ENABLE_STRICT_OBJC_MSGSEND = YES;
				GCC_C_LANGUAGE_STANDARD = gnu99;
				GCC_NO_COMMON_BLOCKS = YES;
				GCC_WARN_64_TO_32_BIT_CONVERSION = YES;
				GCC_WARN_ABOUT_RETURN_TYPE = YES_ERROR;
				GCC_WARN_UNDECLARED_SELECTOR = YES;
				GCC_WARN_UNINITIALIZED_AUTOS = YES_AGGRESSIVE;
				GCC_WARN_UNUSED_FUNCTION = YES;
				GCC_WARN_UNUSED_VARIABLE = YES;
				IPHONEOS_DEPLOYMENT_TARGET = 10.3;
				MTL_ENABLE_DEBUG_INFO = NO;
				SDKROOT = iphoneos;
				TARGETED_DEVICE_FAMILY = "1,2";
				VALIDATE_PRODUCT = YES;
			};
			name = Release;
		};
		C31BFADE1ED0152C0077A793 /* Debug */ = {
			isa = XCBuildConfiguration;
			baseConfigurationReference = B046D371E2C24E558B362CBA /* Pods-XLChartClient.debug.xcconfig */;
			buildSettings = {
				ASSETCATALOG_COMPILER_APPICON_NAME = AppIcon;
				CLANG_ENABLE_MODULES = YES;
				DEVELOPMENT_TEAM = 45EY8JJE63;
				INFOPLIST_FILE = XLChartClient/Info.plist;
				IPHONEOS_DEPLOYMENT_TARGET = 10.0;
				LD_RUNPATH_SEARCH_PATHS = "$(inherited) @executable_path/Frameworks";
				PRODUCT_BUNDLE_IDENTIFIER = com.XLChartClient;
				PRODUCT_NAME = "$(TARGET_NAME)";
				SWIFT_OBJC_BRIDGING_HEADER = "XLChartClient/XLChartClient-Bridging-Header.h";
				SWIFT_OPTIMIZATION_LEVEL = "-Onone";
				SWIFT_VERSION = 3.0;
			};
			name = Debug;
		};
		C31BFADF1ED0152C0077A793 /* Release */ = {
			isa = XCBuildConfiguration;
			baseConfigurationReference = 48E90AF0C3C5A8922B987BAA /* Pods-XLChartClient.release.xcconfig */;
			buildSettings = {
				ASSETCATALOG_COMPILER_APPICON_NAME = AppIcon;
				CLANG_ENABLE_MODULES = YES;
				DEVELOPMENT_TEAM = 45EY8JJE63;
				INFOPLIST_FILE = XLChartClient/Info.plist;
				IPHONEOS_DEPLOYMENT_TARGET = 10.0;
				LD_RUNPATH_SEARCH_PATHS = "$(inherited) @executable_path/Frameworks";
				PRODUCT_BUNDLE_IDENTIFIER = com.XLChartClient;
				PRODUCT_NAME = "$(TARGET_NAME)";
				SWIFT_OBJC_BRIDGING_HEADER = "XLChartClient/XLChartClient-Bridging-Header.h";
				SWIFT_VERSION = 3.0;
			};
			name = Release;
		};
		C31BFAE11ED0152C0077A793 /* Debug */ = {
			isa = XCBuildConfiguration;
			buildSettings = {
				BUNDLE_LOADER = "$(TEST_HOST)";
				DEVELOPMENT_TEAM = 45EY8JJE63;
				INFOPLIST_FILE = XLChartClientTests/Info.plist;
				LD_RUNPATH_SEARCH_PATHS = "$(inherited) @executable_path/Frameworks @loader_path/Frameworks";
				PRODUCT_BUNDLE_IDENTIFIER = com.XLChartClientTests;
				PRODUCT_NAME = "$(TARGET_NAME)";
				TEST_HOST = "$(BUILT_PRODUCTS_DIR)/XLChartClient.app/XLChartClient";
			};
			name = Debug;
		};
		C31BFAE21ED0152C0077A793 /* Release */ = {
			isa = XCBuildConfiguration;
			buildSettings = {
				BUNDLE_LOADER = "$(TEST_HOST)";
				DEVELOPMENT_TEAM = 45EY8JJE63;
				INFOPLIST_FILE = XLChartClientTests/Info.plist;
				LD_RUNPATH_SEARCH_PATHS = "$(inherited) @executable_path/Frameworks @loader_path/Frameworks";
				PRODUCT_BUNDLE_IDENTIFIER = com.XLChartClientTests;
				PRODUCT_NAME = "$(TARGET_NAME)";
				TEST_HOST = "$(BUILT_PRODUCTS_DIR)/XLChartClient.app/XLChartClient";
			};
			name = Release;
		};
		C31BFAE41ED0152C0077A793 /* Debug */ = {
			isa = XCBuildConfiguration;
			buildSettings = {
				DEVELOPMENT_TEAM = 45EY8JJE63;
				INFOPLIST_FILE = XLChartClientUITests/Info.plist;
				LD_RUNPATH_SEARCH_PATHS = "$(inherited) @executable_path/Frameworks @loader_path/Frameworks";
				PRODUCT_BUNDLE_IDENTIFIER = com.XLChartClientUITests;
				PRODUCT_NAME = "$(TARGET_NAME)";
				TEST_TARGET_NAME = XLChartClient;
			};
			name = Debug;
		};
		C31BFAE51ED0152C0077A793 /* Release */ = {
			isa = XCBuildConfiguration;
			buildSettings = {
				DEVELOPMENT_TEAM = 45EY8JJE63;
				INFOPLIST_FILE = XLChartClientUITests/Info.plist;
				LD_RUNPATH_SEARCH_PATHS = "$(inherited) @executable_path/Frameworks @loader_path/Frameworks";
				PRODUCT_BUNDLE_IDENTIFIER = com.XLChartClientUITests;
				PRODUCT_NAME = "$(TARGET_NAME)";
				TEST_TARGET_NAME = XLChartClient;
			};
			name = Release;
		};
/* End XCBuildConfiguration section */

/* Begin XCConfigurationList section */
		C31BFAAB1ED0152B0077A793 /* Build configuration list for PBXProject "XLChartClient" */ = {
			isa = XCConfigurationList;
			buildConfigurations = (
				C31BFADB1ED0152C0077A793 /* Debug */,
				C31BFADC1ED0152C0077A793 /* Release */,
			);
			defaultConfigurationIsVisible = 0;
			defaultConfigurationName = Release;
		};
		C31BFADD1ED0152C0077A793 /* Build configuration list for PBXNativeTarget "XLChartClient" */ = {
			isa = XCConfigurationList;
			buildConfigurations = (
				C31BFADE1ED0152C0077A793 /* Debug */,
				C31BFADF1ED0152C0077A793 /* Release */,
			);
			defaultConfigurationIsVisible = 0;
			defaultConfigurationName = Release;
		};
		C31BFAE01ED0152C0077A793 /* Build configuration list for PBXNativeTarget "XLChartClientTests" */ = {
			isa = XCConfigurationList;
			buildConfigurations = (
				C31BFAE11ED0152C0077A793 /* Debug */,
				C31BFAE21ED0152C0077A793 /* Release */,
			);
			defaultConfigurationIsVisible = 0;
			defaultConfigurationName = Release;
		};
		C31BFAE31ED0152C0077A793 /* Build configuration list for PBXNativeTarget "XLChartClientUITests" */ = {
			isa = XCConfigurationList;
			buildConfigurations = (
				C31BFAE41ED0152C0077A793 /* Debug */,
				C31BFAE51ED0152C0077A793 /* Release */,
			);
			defaultConfigurationIsVisible = 0;
			defaultConfigurationName = Release;
		};
/* End XCConfigurationList section */
	};
	rootObject = C31BFAA81ED0152B0077A793 /* Project object */;
}
